{
  "name": "ragemp-altv-bridge",
  "version": "1.0.0",
  "lockfileVersion": 3,
  "requires": true,
  "packages": {
    "": {
      "name": "ragemp-altv-bridge",
      "version": "1.0.0",
      "license": "ISC",
      "devDependencies": {
        "@altv/types-server": "^2.5.7",
        "@altv/types-shared": "^1.3.6"
      }
    },
    "node_modules/@altv/types-server": {
      "version": "2.5.7",
      "resolved": "https://registry.npmjs.org/@altv/types-server/-/types-server-2.5.7.tgz",
      "integrity": "sha512-kntuD2ylwX2wL2TJuArpkWsHrPlYYT4eNKfXglJppDYSIbUsxfvP1Kt3XdBfclaEMU63Jz64mMIJ4FC5M1gKKg==",
      "dev": true,
      "peerDependencies": {
        "@altv/types-shared": "latest"
      }
    },
    "node_modules/@altv/types-shared": {
      "version": "1.3.6",
      "resolved": "https://registry.npmjs.org/@altv/types-shared/-/types-shared-1.3.6.tgz",
      "integrity": "sha512-1jEfqaqRKxiEoIHEo2th/d2LAHG7HqsiYPFTVv8v4XEhlt+Ny6hE1lX1OmGocCJH0oF7Pin+ZQekou28s5C6ug==",
      "dev": true
    }
  }
}
