{
    "name": "altv-unit-tests",
    "version": "0.0.1",
    "lockfileVersion": 2,
    "requires": true,
    "packages": {
        "": {
            "name": "altv-unit-tests",
            "version": "0.0.1",
            "dependencies": {
                "chai": "^5.1.0",
                "chalk": "^5.3.0",
                "crc-32": "^1.2.2",
                "esbuild-plugin-d.ts": "^1.2.3"
            },
            "devDependencies": {
                "@altv/types-client": "^16.2.2",
                "@altv/types-natives": "^16.2.0",
                "@altv/types-server": "^16.2.1",
                "@altv/types-shared": "^16.2.1",
                "@ragemp/types-client": "github:ragempcommunity/ragemp-types#types-client",
                "@ragemp/types-server": "github:ragempcommunity/ragemp-types#types-server",
                "@types/chai": "^4.3.14",
                "chalk-template": "^1.1.0",
                "esbuild": "^0.20.2",
                "typescript": "^5.4.5"
            }
        },
        "node_modules/@altv/types-client": {
            "version": "16.2.2",
            "resolved": "https://registry.npmjs.org/@altv/types-client/-/types-client-16.2.2.tgz",
            "integrity": "sha512-LH8j7zY8hg1+UoQyXeGsao+H58Wg55AVjM7xM+fUT4HXux5YCZbNIIWd/FvOL91/1gct5/WEnHXveCrmOUNhtw==",
            "dev": true,
            "peerDependencies": {
                "@altv/types-shared": "^16.2.0",
                "@altv/types-worker": "^16.2.0"
            }
        },
        "node_modules/@altv/types-natives": {
            "version": "16.2.0",
            "resolved": "https://registry.npmjs.org/@altv/types-natives/-/types-natives-16.2.0.tgz",
            "integrity": "sha512-kZ6Or14I9DLPPbSAEEDxS+Pt+Efv1lsJSCFeYemnmoQEJtVT/XbCjkwYUd9HHzbcxkyAB87DVn1toQrAjYCSxg==",
            "dev": true,
            "peerDependencies": {
                "@altv/types-client": "^16.2.0"
            }
        },
        "node_modules/@altv/types-server": {
            "version": "16.2.1",
            "resolved": "https://registry.npmjs.org/@altv/types-server/-/types-server-16.2.1.tgz",
            "integrity": "sha512-Cm1gcPPtaO/cUmdfwTw9p61bIe6tL9F0MVJDy1Y+2QPERtZDBoqiUfYLKwT7AOXMyF3scG6kX/fkpwZels9d8A==",
            "dev": true,
            "peerDependencies": {
                "@altv/types-shared": "^16.2.0"
            }
        },
        "node_modules/@altv/types-shared": {
            "version": "16.2.1",
            "resolved": "https://registry.npmjs.org/@altv/types-shared/-/types-shared-16.2.1.tgz",
            "integrity": "sha512-qQ6z58dqwmAV5UcDh5nWBaieOuhDaXNgzj63XJ3MJiR6z7ShI4onZszzEX9ALaLGdakPupWs+0pm/MJV7diZQQ==",
            "dev": true
        },
        "node_modules/@altv/types-worker": {
            "version": "16.2.0",
            "resolved": "https://registry.npmjs.org/@altv/types-worker/-/types-worker-16.2.0.tgz",
            "integrity": "sha512-l2cy7xFn4QE+XCHJyu1dJB8cziwAfi4x4S8JbpymRAAnXkMHvrZixjpyeUzNRnQGn4dNhQz6QLyUYx+LEXDtyA==",
            "dev": true,
            "peer": true,
            "peerDependencies": {
                "@altv/types-client": "^16.2.0"
            }
        },
        "node_modules/@esbuild/aix-ppc64": {
            "version": "0.20.2",
            "resolved": "https://registry.npmjs.org/@esbuild/aix-ppc64/-/aix-ppc64-0.20.2.tgz",
            "integrity": "sha512-D+EBOJHXdNZcLJRBkhENNG8Wji2kgc9AZ9KiPr1JuZjsNtyHzrsfLRrY0tk2H2aoFu6RANO1y1iPPUCDYWkb5g==",
            "cpu": [
                "ppc64"
            ],
            "dev": true,
            "optional": true,
            "os": [
                "aix"
            ],
            "engines": {
                "node": ">=12"
            }
        },
        "node_modules/@esbuild/android-arm": {
            "version": "0.20.2",
            "resolved": "https://registry.npmjs.org/@esbuild/android-arm/-/android-arm-0.20.2.tgz",
            "integrity": "sha512-t98Ra6pw2VaDhqNWO2Oph2LXbz/EJcnLmKLGBJwEwXX/JAN83Fym1rU8l0JUWK6HkIbWONCSSatf4sf2NBRx/w==",
            "cpu": [
                "arm"
            ],
            "dev": true,
            "optional": true,
            "os": [
                "android"
            ],
            "engines": {
                "node": ">=12"
            }
        },
        "node_modules/@esbuild/android-arm64": {
            "version": "0.20.2",
            "resolved": "https://registry.npmjs.org/@esbuild/android-arm64/-/android-arm64-0.20.2.tgz",
            "integrity": "sha512-mRzjLacRtl/tWU0SvD8lUEwb61yP9cqQo6noDZP/O8VkwafSYwZ4yWy24kan8jE/IMERpYncRt2dw438LP3Xmg==",
            "cpu": [
                "arm64"
            ],
            "dev": true,
            "optional": true,
            "os": [
                "android"
            ],
            "engines": {
                "node": ">=12"
            }
        },
        "node_modules/@esbuild/android-x64": {
            "version": "0.20.2",
            "resolved": "https://registry.npmjs.org/@esbuild/android-x64/-/android-x64-0.20.2.tgz",
            "integrity": "sha512-btzExgV+/lMGDDa194CcUQm53ncxzeBrWJcncOBxuC6ndBkKxnHdFJn86mCIgTELsooUmwUm9FkhSp5HYu00Rg==",
            "cpu": [
                "x64"
            ],
            "dev": true,
            "optional": true,
            "os": [
                "android"
            ],
            "engines": {
                "node": ">=12"
            }
        },
        "node_modules/@esbuild/darwin-arm64": {
            "version": "0.20.2",
            "resolved": "https://registry.npmjs.org/@esbuild/darwin-arm64/-/darwin-arm64-0.20.2.tgz",
            "integrity": "sha512-4J6IRT+10J3aJH3l1yzEg9y3wkTDgDk7TSDFX+wKFiWjqWp/iCfLIYzGyasx9l0SAFPT1HwSCR+0w/h1ES/MjA==",
            "cpu": [
                "arm64"
            ],
            "dev": true,
            "optional": true,
            "os": [
                "darwin"
            ],
            "engines": {
                "node": ">=12"
            }
        },
        "node_modules/@esbuild/darwin-x64": {
            "version": "0.20.2",
            "resolved": "https://registry.npmjs.org/@esbuild/darwin-x64/-/darwin-x64-0.20.2.tgz",
            "integrity": "sha512-tBcXp9KNphnNH0dfhv8KYkZhjc+H3XBkF5DKtswJblV7KlT9EI2+jeA8DgBjp908WEuYll6pF+UStUCfEpdysA==",
            "cpu": [
                "x64"
            ],
            "dev": true,
            "optional": true,
            "os": [
                "darwin"
            ],
            "engines": {
                "node": ">=12"
            }
        },
        "node_modules/@esbuild/freebsd-arm64": {
            "version": "0.20.2",
            "resolved": "https://registry.npmjs.org/@esbuild/freebsd-arm64/-/freebsd-arm64-0.20.2.tgz",
            "integrity": "sha512-d3qI41G4SuLiCGCFGUrKsSeTXyWG6yem1KcGZVS+3FYlYhtNoNgYrWcvkOoaqMhwXSMrZRl69ArHsGJ9mYdbbw==",
            "cpu": [
                "arm64"
            ],
            "dev": true,
            "optional": true,
            "os": [
                "freebsd"
            ],
            "engines": {
                "node": ">=12"
            }
        },
        "node_modules/@esbuild/freebsd-x64": {
            "version": "0.20.2",
            "resolved": "https://registry.npmjs.org/@esbuild/freebsd-x64/-/freebsd-x64-0.20.2.tgz",
            "integrity": "sha512-d+DipyvHRuqEeM5zDivKV1KuXn9WeRX6vqSqIDgwIfPQtwMP4jaDsQsDncjTDDsExT4lR/91OLjRo8bmC1e+Cw==",
            "cpu": [
                "x64"
            ],
            "dev": true,
            "optional": true,
            "os": [
                "freebsd"
            ],
            "engines": {
                "node": ">=12"
            }
        },
        "node_modules/@esbuild/linux-arm": {
            "version": "0.20.2",
            "resolved": "https://registry.npmjs.org/@esbuild/linux-arm/-/linux-arm-0.20.2.tgz",
            "integrity": "sha512-VhLPeR8HTMPccbuWWcEUD1Az68TqaTYyj6nfE4QByZIQEQVWBB8vup8PpR7y1QHL3CpcF6xd5WVBU/+SBEvGTg==",
            "cpu": [
                "arm"
            ],
            "dev": true,
            "optional": true,
            "os": [
                "linux"
            ],
            "engines": {
                "node": ">=12"
            }
        },
        "node_modules/@esbuild/linux-arm64": {
            "version": "0.20.2",
            "resolved": "https://registry.npmjs.org/@esbuild/linux-arm64/-/linux-arm64-0.20.2.tgz",
            "integrity": "sha512-9pb6rBjGvTFNira2FLIWqDk/uaf42sSyLE8j1rnUpuzsODBq7FvpwHYZxQ/It/8b+QOS1RYfqgGFNLRI+qlq2A==",
            "cpu": [
                "arm64"
            ],
            "dev": true,
            "optional": true,
            "os": [
                "linux"
            ],
            "engines": {
                "node": ">=12"
            }
        },
        "node_modules/@esbuild/linux-ia32": {
            "version": "0.20.2",
            "resolved": "https://registry.npmjs.org/@esbuild/linux-ia32/-/linux-ia32-0.20.2.tgz",
            "integrity": "sha512-o10utieEkNPFDZFQm9CoP7Tvb33UutoJqg3qKf1PWVeeJhJw0Q347PxMvBgVVFgouYLGIhFYG0UGdBumROyiig==",
            "cpu": [
                "ia32"
            ],
            "dev": true,
            "optional": true,
            "os": [
                "linux"
            ],
            "engines": {
                "node": ">=12"
            }
        },
        "node_modules/@esbuild/linux-loong64": {
            "version": "0.20.2",
            "resolved": "https://registry.npmjs.org/@esbuild/linux-loong64/-/linux-loong64-0.20.2.tgz",
            "integrity": "sha512-PR7sp6R/UC4CFVomVINKJ80pMFlfDfMQMYynX7t1tNTeivQ6XdX5r2XovMmha/VjR1YN/HgHWsVcTRIMkymrgQ==",
            "cpu": [
                "loong64"
            ],
            "dev": true,
            "optional": true,
            "os": [
                "linux"
            ],
            "engines": {
                "node": ">=12"
            }
        },
        "node_modules/@esbuild/linux-mips64el": {
            "version": "0.20.2",
            "resolved": "https://registry.npmjs.org/@esbuild/linux-mips64el/-/linux-mips64el-0.20.2.tgz",
            "integrity": "sha512-4BlTqeutE/KnOiTG5Y6Sb/Hw6hsBOZapOVF6njAESHInhlQAghVVZL1ZpIctBOoTFbQyGW+LsVYZ8lSSB3wkjA==",
            "cpu": [
                "mips64el"
            ],
            "dev": true,
            "optional": true,
            "os": [
                "linux"
            ],
            "engines": {
                "node": ">=12"
            }
        },
        "node_modules/@esbuild/linux-ppc64": {
            "version": "0.20.2",
            "resolved": "https://registry.npmjs.org/@esbuild/linux-ppc64/-/linux-ppc64-0.20.2.tgz",
            "integrity": "sha512-rD3KsaDprDcfajSKdn25ooz5J5/fWBylaaXkuotBDGnMnDP1Uv5DLAN/45qfnf3JDYyJv/ytGHQaziHUdyzaAg==",
            "cpu": [
                "ppc64"
            ],
            "dev": true,
            "optional": true,
            "os": [
                "linux"
            ],
            "engines": {
                "node": ">=12"
            }
        },
        "node_modules/@esbuild/linux-riscv64": {
            "version": "0.20.2",
            "resolved": "https://registry.npmjs.org/@esbuild/linux-riscv64/-/linux-riscv64-0.20.2.tgz",
            "integrity": "sha512-snwmBKacKmwTMmhLlz/3aH1Q9T8v45bKYGE3j26TsaOVtjIag4wLfWSiZykXzXuE1kbCE+zJRmwp+ZbIHinnVg==",
            "cpu": [
                "riscv64"
            ],
            "dev": true,
            "optional": true,
            "os": [
                "linux"
            ],
            "engines": {
                "node": ">=12"
            }
        },
        "node_modules/@esbuild/linux-s390x": {
            "version": "0.20.2",
            "resolved": "https://registry.npmjs.org/@esbuild/linux-s390x/-/linux-s390x-0.20.2.tgz",
            "integrity": "sha512-wcWISOobRWNm3cezm5HOZcYz1sKoHLd8VL1dl309DiixxVFoFe/o8HnwuIwn6sXre88Nwj+VwZUvJf4AFxkyrQ==",
            "cpu": [
                "s390x"
            ],
            "dev": true,
            "optional": true,
            "os": [
                "linux"
            ],
            "engines": {
                "node": ">=12"
            }
        },
        "node_modules/@esbuild/linux-x64": {
            "version": "0.20.2",
            "resolved": "https://registry.npmjs.org/@esbuild/linux-x64/-/linux-x64-0.20.2.tgz",
            "integrity": "sha512-1MdwI6OOTsfQfek8sLwgyjOXAu+wKhLEoaOLTjbijk6E2WONYpH9ZU2mNtR+lZ2B4uwr+usqGuVfFT9tMtGvGw==",
            "cpu": [
                "x64"
            ],
            "dev": true,
            "optional": true,
            "os": [
                "linux"
            ],
            "engines": {
                "node": ">=12"
            }
        },
        "node_modules/@esbuild/netbsd-x64": {
            "version": "0.20.2",
            "resolved": "https://registry.npmjs.org/@esbuild/netbsd-x64/-/netbsd-x64-0.20.2.tgz",
            "integrity": "sha512-K8/DhBxcVQkzYc43yJXDSyjlFeHQJBiowJ0uVL6Tor3jGQfSGHNNJcWxNbOI8v5k82prYqzPuwkzHt3J1T1iZQ==",
            "cpu": [
                "x64"
            ],
            "dev": true,
            "optional": true,
            "os": [
                "netbsd"
            ],
            "engines": {
                "node": ">=12"
            }
        },
        "node_modules/@esbuild/openbsd-x64": {
            "version": "0.20.2",
            "resolved": "https://registry.npmjs.org/@esbuild/openbsd-x64/-/openbsd-x64-0.20.2.tgz",
            "integrity": "sha512-eMpKlV0SThJmmJgiVyN9jTPJ2VBPquf6Kt/nAoo6DgHAoN57K15ZghiHaMvqjCye/uU4X5u3YSMgVBI1h3vKrQ==",
            "cpu": [
                "x64"
            ],
            "dev": true,
            "optional": true,
            "os": [
                "openbsd"
            ],
            "engines": {
                "node": ">=12"
            }
        },
        "node_modules/@esbuild/sunos-x64": {
            "version": "0.20.2",
            "resolved": "https://registry.npmjs.org/@esbuild/sunos-x64/-/sunos-x64-0.20.2.tgz",
            "integrity": "sha512-2UyFtRC6cXLyejf/YEld4Hajo7UHILetzE1vsRcGL3earZEW77JxrFjH4Ez2qaTiEfMgAXxfAZCm1fvM/G/o8w==",
            "cpu": [
                "x64"
            ],
            "dev": true,
            "optional": true,
            "os": [
                "sunos"
            ],
            "engines": {
                "node": ">=12"
            }
        },
        "node_modules/@esbuild/win32-arm64": {
            "version": "0.20.2",
            "resolved": "https://registry.npmjs.org/@esbuild/win32-arm64/-/win32-arm64-0.20.2.tgz",
            "integrity": "sha512-GRibxoawM9ZCnDxnP3usoUDO9vUkpAxIIZ6GQI+IlVmr5kP3zUq+l17xELTHMWTWzjxa2guPNyrpq1GWmPvcGQ==",
            "cpu": [
                "arm64"
            ],
            "dev": true,
            "optional": true,
            "os": [
                "win32"
            ],
            "engines": {
                "node": ">=12"
            }
        },
        "node_modules/@esbuild/win32-ia32": {
            "version": "0.20.2",
            "resolved": "https://registry.npmjs.org/@esbuild/win32-ia32/-/win32-ia32-0.20.2.tgz",
            "integrity": "sha512-HfLOfn9YWmkSKRQqovpnITazdtquEW8/SoHW7pWpuEeguaZI4QnCRW6b+oZTztdBnZOS2hqJ6im/D5cPzBTTlQ==",
            "cpu": [
                "ia32"
            ],
            "dev": true,
            "optional": true,
            "os": [
                "win32"
            ],
            "engines": {
                "node": ">=12"
            }
        },
        "node_modules/@esbuild/win32-x64": {
            "version": "0.20.2",
            "resolved": "https://registry.npmjs.org/@esbuild/win32-x64/-/win32-x64-0.20.2.tgz",
            "integrity": "sha512-N49X4lJX27+l9jbLKSqZ6bKNjzQvHaT8IIFUy+YIqmXQdjYCToGWwOItDrfby14c78aDd5NHQl29xingXfCdLQ==",
            "cpu": [
                "x64"
            ],
            "dev": true,
            "optional": true,
            "os": [
                "win32"
            ],
            "engines": {
                "node": ">=12"
            }
        },
        "node_modules/@ragemp/types-client": {
            "name": "@ragempcommunity/types-client",
            "version": "2.1.3",
            "resolved": "git+ssh://git@github.com/ragempcommunity/ragemp-types.git#4af4718cce667183a088f682ce2b2717009685c1",
            "dev": true,
            "license": "MIT"
        },
        "node_modules/@ragemp/types-server": {
            "name": "@ragempcommunity/types-server",
            "version": "2.1.1",
            "resolved": "git+ssh://git@github.com/ragempcommunity/ragemp-types.git#ffeb9095b86ed527230aa929669acb62d77aa06b",
            "dev": true,
            "license": "MIT"
        },
        "node_modules/@types/chai": {
            "version": "4.3.14",
            "resolved": "https://registry.npmjs.org/@types/chai/-/chai-4.3.14.tgz",
            "integrity": "sha512-Wj71sXE4Q4AkGdG9Tvq1u/fquNz9EdG4LIJMwVVII7ashjD/8cf8fyIfJAjRr6YcsXnSE8cOGQPq1gqeR8z+3w==",
            "dev": true
        },
        "node_modules/ansi-styles": {
            "version": "4.3.0",
            "resolved": "https://registry.npmjs.org/ansi-styles/-/ansi-styles-4.3.0.tgz",
            "integrity": "sha512-zbB9rCJAT1rbjiVDb2hqKFHNYLxgtk8NURxZ3IZwD3F6NtxbXZQCnnSi1Lkx+IDohdPlFp222wVALIheZJQSEg==",
            "dependencies": {
                "color-convert": "^2.0.1"
            },
            "engines": {
                "node": ">=8"
            },
            "funding": {
                "url": "https://github.com/chalk/ansi-styles?sponsor=1"
            }
        },
        "node_modules/assertion-error": {
            "version": "2.0.1",
            "resolved": "https://registry.npmjs.org/assertion-error/-/assertion-error-2.0.1.tgz",
            "integrity": "sha512-Izi8RQcffqCeNVgFigKli1ssklIbpHnCYc6AknXGYoB6grJqyeby7jv12JUQgmTAnIDnbck1uxksT4dzN3PWBA==",
            "engines": {
                "node": ">=12"
            }
        },
        "node_modules/chai": {
            "version": "5.1.0",
            "resolved": "https://registry.npmjs.org/chai/-/chai-5.1.0.tgz",
            "integrity": "sha512-kDZ7MZyM6Q1DhR9jy7dalKohXQ2yrlXkk59CR52aRKxJrobmlBNqnFQxX9xOX8w+4mz8SYlKJa/7D7ddltFXCw==",
            "dependencies": {
                "assertion-error": "^2.0.1",
                "check-error": "^2.0.0",
                "deep-eql": "^5.0.1",
                "loupe": "^3.1.0",
                "pathval": "^2.0.0"
            },
            "engines": {
                "node": ">=12"
            }
        },
        "node_modules/chalk": {
            "version": "5.3.0",
            "resolved": "https://registry.npmjs.org/chalk/-/chalk-5.3.0.tgz",
            "integrity": "sha512-dLitG79d+GV1Nb/VYcCDFivJeK1hiukt9QjRNVOsUtTy1rR1YJsmpGGTZ3qJos+uw7WmWF4wUwBd9jxjocFC2w==",
            "engines": {
                "node": "^12.17.0 || ^14.13 || >=16.0.0"
            },
            "funding": {
                "url": "https://github.com/chalk/chalk?sponsor=1"
            }
        },
        "node_modules/chalk-template": {
            "version": "1.1.0",
            "resolved": "https://registry.npmjs.org/chalk-template/-/chalk-template-1.1.0.tgz",
            "integrity": "sha512-T2VJbcDuZQ0Tb2EWwSotMPJjgpy1/tGee1BTpUNsGZ/qgNjV2t7Mvu+d4600U564nbLesN1x2dPL+xii174Ekg==",
            "dev": true,
            "dependencies": {
                "chalk": "^5.2.0"
            },
            "engines": {
                "node": ">=14.16"
            },
            "funding": {
                "url": "https://github.com/chalk/chalk-template?sponsor=1"
            }
        },
        "node_modules/check-error": {
            "version": "2.0.0",
            "resolved": "https://registry.npmjs.org/check-error/-/check-error-2.0.0.tgz",
            "integrity": "sha512-tjLAOBHKVxtPoHe/SA7kNOMvhCRdCJ3vETdeY0RuAc9popf+hyaSV6ZEg9hr4cpWF7jmo/JSWEnLDrnijS9Tog==",
            "engines": {
                "node": ">= 16"
            }
        },
        "node_modules/color-convert": {
            "version": "2.0.1",
            "resolved": "https://registry.npmjs.org/color-convert/-/color-convert-2.0.1.tgz",
            "integrity": "sha512-RRECPsj7iu/xb5oKYcsFHSppFNnsj/52OVTRKb4zP5onXwVF3zVmmToNcOfGC+CRDpfK/U584fMg38ZHCaElKQ==",
            "dependencies": {
                "color-name": "~1.1.4"
            },
            "engines": {
                "node": ">=7.0.0"
            }
        },
        "node_modules/color-name": {
            "version": "1.1.4",
            "resolved": "https://registry.npmjs.org/color-name/-/color-name-1.1.4.tgz",
            "integrity": "sha512-dOy+3AuW3a2wNbZHIuMZpTcgjGuLU/uBL/ubcZF9OXbDo8ff4O8yVp5Bf0efS8uEoYo5q4Fx7dY9OgQGXgAsQA=="
        },
        "node_modules/crc-32": {
            "version": "1.2.2",
            "resolved": "https://registry.npmjs.org/crc-32/-/crc-32-1.2.2.tgz",
            "integrity": "sha512-ROmzCKrTnOwybPcJApAA6WBWij23HVfGVNKqqrZpuyZOHqK2CwHSvpGuyt/UNNvaIjEd8X5IFGp4Mh+Ie1IHJQ==",
            "bin": {
                "crc32": "bin/crc32.njs"
            },
            "engines": {
                "node": ">=0.8"
            }
        },
        "node_modules/deep-eql": {
            "version": "5.0.1",
            "resolved": "https://registry.npmjs.org/deep-eql/-/deep-eql-5.0.1.tgz",
            "integrity": "sha512-nwQCf6ne2gez3o1MxWifqkciwt0zhl0LO1/UwVu4uMBuPmflWM4oQ70XMqHqnBJA+nhzncaqL9HVL6KkHJ28lw==",
            "engines": {
                "node": ">=6"
            }
        },
        "node_modules/esbuild": {
            "version": "0.20.2",
            "resolved": "https://registry.npmjs.org/esbuild/-/esbuild-0.20.2.tgz",
            "integrity": "sha512-WdOOppmUNU+IbZ0PaDiTst80zjnrOkyJNHoKupIcVyU8Lvla3Ugx94VzkQ32Ijqd7UhHJy75gNWDMUekcrSJ6g==",
            "dev": true,
            "hasInstallScript": true,
            "bin": {
                "esbuild": "bin/esbuild"
            },
            "engines": {
                "node": ">=12"
            },
            "optionalDependencies": {
                "@esbuild/aix-ppc64": "0.20.2",
                "@esbuild/android-arm": "0.20.2",
                "@esbuild/android-arm64": "0.20.2",
                "@esbuild/android-x64": "0.20.2",
                "@esbuild/darwin-arm64": "0.20.2",
                "@esbuild/darwin-x64": "0.20.2",
                "@esbuild/freebsd-arm64": "0.20.2",
                "@esbuild/freebsd-x64": "0.20.2",
                "@esbuild/linux-arm": "0.20.2",
                "@esbuild/linux-arm64": "0.20.2",
                "@esbuild/linux-ia32": "0.20.2",
                "@esbuild/linux-loong64": "0.20.2",
                "@esbuild/linux-mips64el": "0.20.2",
                "@esbuild/linux-ppc64": "0.20.2",
                "@esbuild/linux-riscv64": "0.20.2",
                "@esbuild/linux-s390x": "0.20.2",
                "@esbuild/linux-x64": "0.20.2",
                "@esbuild/netbsd-x64": "0.20.2",
                "@esbuild/openbsd-x64": "0.20.2",
                "@esbuild/sunos-x64": "0.20.2",
                "@esbuild/win32-arm64": "0.20.2",
                "@esbuild/win32-ia32": "0.20.2",
                "@esbuild/win32-x64": "0.20.2"
            }
        },
        "node_modules/esbuild-plugin-d.ts": {
            "version": "1.2.3",
            "resolved": "https://registry.npmjs.org/esbuild-plugin-d.ts/-/esbuild-plugin-d.ts-1.2.3.tgz",
            "integrity": "sha512-JkNqcCTkv0N39izAOLaiAQcFA6DfbhDkef1ZO6NvnHtTT+7i+4VHjCcAM2yFslRTBTK1TuF41FLSwWvGm88N7w==",
            "dependencies": {
                "chalk": "4.1.2",
                "lodash.merge": "^4.6.2"
            },
            "engines": {
                "node": ">=12.0.0"
            },
            "peerDependencies": {
                "typescript": "*"
            }
        },
        "node_modules/esbuild-plugin-d.ts/node_modules/chalk": {
            "version": "4.1.2",
            "resolved": "https://registry.npmjs.org/chalk/-/chalk-4.1.2.tgz",
            "integrity": "sha512-oKnbhFyRIXpUuez8iBMmyEa4nbj4IOQyuhc/wy9kY7/WVPcwIO9VA668Pu8RkO7+0G76SLROeyw9CpQ061i4mA==",
            "dependencies": {
                "ansi-styles": "^4.1.0",
                "supports-color": "^7.1.0"
            },
            "engines": {
                "node": ">=10"
            },
            "funding": {
                "url": "https://github.com/chalk/chalk?sponsor=1"
            }
        },
        "node_modules/get-func-name": {
            "version": "2.0.2",
            "resolved": "https://registry.npmjs.org/get-func-name/-/get-func-name-2.0.2.tgz",
            "integrity": "sha512-8vXOvuE167CtIc3OyItco7N/dpRtBbYOsPsXCz7X/PMnlGjYjSGuZJgM1Y7mmew7BKf9BqvLX2tnOVy1BBUsxQ==",
            "engines": {
                "node": "*"
            }
        },
        "node_modules/has-flag": {
            "version": "4.0.0",
            "resolved": "https://registry.npmjs.org/has-flag/-/has-flag-4.0.0.tgz",
            "integrity": "sha512-EykJT/Q1KjTWctppgIAgfSO0tKVuZUjhgMr17kqTumMl6Afv3EISleU7qZUzoXDFTAHTDC4NOoG/ZxU3EvlMPQ==",
            "engines": {
                "node": ">=8"
            }
        },
        "node_modules/lodash.merge": {
            "version": "4.6.2",
            "resolved": "https://registry.npmjs.org/lodash.merge/-/lodash.merge-4.6.2.tgz",
            "integrity": "sha512-0KpjqXRVvrYyCsX1swR/XTK0va6VQkQM6MNo7PqW77ByjAhoARA8EfrP1N4+KlKj8YS0ZUCtRT/YUuhyYDujIQ=="
        },
        "node_modules/loupe": {
            "version": "3.1.0",
            "resolved": "https://registry.npmjs.org/loupe/-/loupe-3.1.0.tgz",
            "integrity": "sha512-qKl+FrLXUhFuHUoDJG7f8P8gEMHq9NFS0c6ghXG1J0rldmZFQZoNVv/vyirE9qwCIhWZDsvEFd1sbFu3GvRQFg==",
            "dependencies": {
                "get-func-name": "^2.0.1"
            }
        },
        "node_modules/pathval": {
            "version": "2.0.0",
            "resolved": "https://registry.npmjs.org/pathval/-/pathval-2.0.0.tgz",
            "integrity": "sha512-vE7JKRyES09KiunauX7nd2Q9/L7lhok4smP9RZTDeD4MVs72Dp2qNFVz39Nz5a0FVEW0BJR6C0DYrq6unoziZA==",
            "engines": {
                "node": ">= 14.16"
            }
        },
        "node_modules/supports-color": {
            "version": "7.2.0",
            "resolved": "https://registry.npmjs.org/supports-color/-/supports-color-7.2.0.tgz",
            "integrity": "sha512-qpCAvRl9stuOHveKsn7HncJRvv501qIacKzQlO/+Lwxc9+0q2wLyv4Dfvt80/DPn2pqOBsJdDiogXGR9+OvwRw==",
            "dependencies": {
                "has-flag": "^4.0.0"
            },
            "engines": {
                "node": ">=8"
            }
        },
        "node_modules/typescript": {
            "version": "5.4.5",
            "resolved": "https://registry.npmjs.org/typescript/-/typescript-5.4.5.tgz",
            "integrity": "sha512-vcI4UpRgg81oIRUFwR0WSIHKt11nJ7SAVlYNIu+QpqeyXP+gpQJy/Z4+F0aGxSE4MqwjyXvW/TzgkLAx2AGHwQ==",
            "bin": {
                "tsc": "bin/tsc",
                "tsserver": "bin/tsserver"
            },
            "engines": {
                "node": ">=14.17"
            }
        }
    },
    "dependencies": {
        "@altv/types-client": {
            "version": "16.2.2",
            "resolved": "https://registry.npmjs.org/@altv/types-client/-/types-client-16.2.2.tgz",
            "integrity": "sha512-LH8j7zY8hg1+UoQyXeGsao+H58Wg55AVjM7xM+fUT4HXux5YCZbNIIWd/FvOL91/1gct5/WEnHXveCrmOUNhtw==",
            "dev": true,
            "requires": {}
        },
        "@altv/types-natives": {
            "version": "16.2.0",
            "resolved": "https://registry.npmjs.org/@altv/types-natives/-/types-natives-16.2.0.tgz",
            "integrity": "sha512-kZ6Or14I9DLPPbSAEEDxS+Pt+Efv1lsJSCFeYemnmoQEJtVT/XbCjkwYUd9HHzbcxkyAB87DVn1toQrAjYCSxg==",
            "dev": true,
            "requires": {}
        },
        "@altv/types-server": {
            "version": "16.2.1",
            "resolved": "https://registry.npmjs.org/@altv/types-server/-/types-server-16.2.1.tgz",
            "integrity": "sha512-Cm1gcPPtaO/cUmdfwTw9p61bIe6tL9F0MVJDy1Y+2QPERtZDBoqiUfYLKwT7AOXMyF3scG6kX/fkpwZels9d8A==",
            "dev": true,
            "requires": {}
        },
        "@altv/types-shared": {
            "version": "16.2.1",
            "resolved": "https://registry.npmjs.org/@altv/types-shared/-/types-shared-16.2.1.tgz",
            "integrity": "sha512-qQ6z58dqwmAV5UcDh5nWBaieOuhDaXNgzj63XJ3MJiR6z7ShI4onZszzEX9ALaLGdakPupWs+0pm/MJV7diZQQ==",
            "dev": true
        },
        "@altv/types-worker": {
            "version": "16.2.0",
            "resolved": "https://registry.npmjs.org/@altv/types-worker/-/types-worker-16.2.0.tgz",
            "integrity": "sha512-l2cy7xFn4QE+XCHJyu1dJB8cziwAfi4x4S8JbpymRAAnXkMHvrZixjpyeUzNRnQGn4dNhQz6QLyUYx+LEXDtyA==",
            "dev": true,
            "peer": true,
            "requires": {}
        },
        "@esbuild/aix-ppc64": {
            "version": "0.20.2",
            "resolved": "https://registry.npmjs.org/@esbuild/aix-ppc64/-/aix-ppc64-0.20.2.tgz",
            "integrity": "sha512-D+EBOJHXdNZcLJRBkhENNG8Wji2kgc9AZ9KiPr1JuZjsNtyHzrsfLRrY0tk2H2aoFu6RANO1y1iPPUCDYWkb5g==",
            "dev": true,
            "optional": true
        },
        "@esbuild/android-arm": {
            "version": "0.20.2",
            "resolved": "https://registry.npmjs.org/@esbuild/android-arm/-/android-arm-0.20.2.tgz",
            "integrity": "sha512-t98Ra6pw2VaDhqNWO2Oph2LXbz/EJcnLmKLGBJwEwXX/JAN83Fym1rU8l0JUWK6HkIbWONCSSatf4sf2NBRx/w==",
            "dev": true,
            "optional": true
        },
        "@esbuild/android-arm64": {
            "version": "0.20.2",
            "resolved": "https://registry.npmjs.org/@esbuild/android-arm64/-/android-arm64-0.20.2.tgz",
            "integrity": "sha512-mRzjLacRtl/tWU0SvD8lUEwb61yP9cqQo6noDZP/O8VkwafSYwZ4yWy24kan8jE/IMERpYncRt2dw438LP3Xmg==",
            "dev": true,
            "optional": true
        },
        "@esbuild/android-x64": {
            "version": "0.20.2",
            "resolved": "https://registry.npmjs.org/@esbuild/android-x64/-/android-x64-0.20.2.tgz",
            "integrity": "sha512-btzExgV+/lMGDDa194CcUQm53ncxzeBrWJcncOBxuC6ndBkKxnHdFJn86mCIgTELsooUmwUm9FkhSp5HYu00Rg==",
            "dev": true,
            "optional": true
        },
        "@esbuild/darwin-arm64": {
            "version": "0.20.2",
            "resolved": "https://registry.npmjs.org/@esbuild/darwin-arm64/-/darwin-arm64-0.20.2.tgz",
            "integrity": "sha512-4J6IRT+10J3aJH3l1yzEg9y3wkTDgDk7TSDFX+wKFiWjqWp/iCfLIYzGyasx9l0SAFPT1HwSCR+0w/h1ES/MjA==",
            "dev": true,
            "optional": true
        },
        "@esbuild/darwin-x64": {
            "version": "0.20.2",
            "resolved": "https://registry.npmjs.org/@esbuild/darwin-x64/-/darwin-x64-0.20.2.tgz",
            "integrity": "sha512-tBcXp9KNphnNH0dfhv8KYkZhjc+H3XBkF5DKtswJblV7KlT9EI2+jeA8DgBjp908WEuYll6pF+UStUCfEpdysA==",
            "dev": true,
            "optional": true
        },
        "@esbuild/freebsd-arm64": {
            "version": "0.20.2",
            "resolved": "https://registry.npmjs.org/@esbuild/freebsd-arm64/-/freebsd-arm64-0.20.2.tgz",
            "integrity": "sha512-d3qI41G4SuLiCGCFGUrKsSeTXyWG6yem1KcGZVS+3FYlYhtNoNgYrWcvkOoaqMhwXSMrZRl69ArHsGJ9mYdbbw==",
            "dev": true,
            "optional": true
        },
        "@esbuild/freebsd-x64": {
            "version": "0.20.2",
            "resolved": "https://registry.npmjs.org/@esbuild/freebsd-x64/-/freebsd-x64-0.20.2.tgz",
            "integrity": "sha512-d+DipyvHRuqEeM5zDivKV1KuXn9WeRX6vqSqIDgwIfPQtwMP4jaDsQsDncjTDDsExT4lR/91OLjRo8bmC1e+Cw==",
            "dev": true,
            "optional": true
        },
        "@esbuild/linux-arm": {
            "version": "0.20.2",
            "resolved": "https://registry.npmjs.org/@esbuild/linux-arm/-/linux-arm-0.20.2.tgz",
            "integrity": "sha512-VhLPeR8HTMPccbuWWcEUD1Az68TqaTYyj6nfE4QByZIQEQVWBB8vup8PpR7y1QHL3CpcF6xd5WVBU/+SBEvGTg==",
            "dev": true,
            "optional": true
        },
        "@esbuild/linux-arm64": {
            "version": "0.20.2",
            "resolved": "https://registry.npmjs.org/@esbuild/linux-arm64/-/linux-arm64-0.20.2.tgz",
            "integrity": "sha512-9pb6rBjGvTFNira2FLIWqDk/uaf42sSyLE8j1rnUpuzsODBq7FvpwHYZxQ/It/8b+QOS1RYfqgGFNLRI+qlq2A==",
            "dev": true,
            "optional": true
        },
        "@esbuild/linux-ia32": {
            "version": "0.20.2",
            "resolved": "https://registry.npmjs.org/@esbuild/linux-ia32/-/linux-ia32-0.20.2.tgz",
            "integrity": "sha512-o10utieEkNPFDZFQm9CoP7Tvb33UutoJqg3qKf1PWVeeJhJw0Q347PxMvBgVVFgouYLGIhFYG0UGdBumROyiig==",
            "dev": true,
            "optional": true
        },
        "@esbuild/linux-loong64": {
            "version": "0.20.2",
            "resolved": "https://registry.npmjs.org/@esbuild/linux-loong64/-/linux-loong64-0.20.2.tgz",
            "integrity": "sha512-PR7sp6R/UC4CFVomVINKJ80pMFlfDfMQMYynX7t1tNTeivQ6XdX5r2XovMmha/VjR1YN/HgHWsVcTRIMkymrgQ==",
            "dev": true,
            "optional": true
        },
        "@esbuild/linux-mips64el": {
            "version": "0.20.2",
            "resolved": "https://registry.npmjs.org/@esbuild/linux-mips64el/-/linux-mips64el-0.20.2.tgz",
            "integrity": "sha512-4BlTqeutE/KnOiTG5Y6Sb/Hw6hsBOZapOVF6njAESHInhlQAghVVZL1ZpIctBOoTFbQyGW+LsVYZ8lSSB3wkjA==",
            "dev": true,
            "optional": true
        },
        "@esbuild/linux-ppc64": {
            "version": "0.20.2",
            "resolved": "https://registry.npmjs.org/@esbuild/linux-ppc64/-/linux-ppc64-0.20.2.tgz",
            "integrity": "sha512-rD3KsaDprDcfajSKdn25ooz5J5/fWBylaaXkuotBDGnMnDP1Uv5DLAN/45qfnf3JDYyJv/ytGHQaziHUdyzaAg==",
            "dev": true,
            "optional": true
        },
        "@esbuild/linux-riscv64": {
            "version": "0.20.2",
            "resolved": "https://registry.npmjs.org/@esbuild/linux-riscv64/-/linux-riscv64-0.20.2.tgz",
            "integrity": "sha512-snwmBKacKmwTMmhLlz/3aH1Q9T8v45bKYGE3j26TsaOVtjIag4wLfWSiZykXzXuE1kbCE+zJRmwp+ZbIHinnVg==",
            "dev": true,
            "optional": true
        },
        "@esbuild/linux-s390x": {
            "version": "0.20.2",
            "resolved": "https://registry.npmjs.org/@esbuild/linux-s390x/-/linux-s390x-0.20.2.tgz",
            "integrity": "sha512-wcWISOobRWNm3cezm5HOZcYz1sKoHLd8VL1dl309DiixxVFoFe/o8HnwuIwn6sXre88Nwj+VwZUvJf4AFxkyrQ==",
            "dev": true,
            "optional": true
        },
        "@esbuild/linux-x64": {
            "version": "0.20.2",
            "resolved": "https://registry.npmjs.org/@esbuild/linux-x64/-/linux-x64-0.20.2.tgz",
            "integrity": "sha512-1MdwI6OOTsfQfek8sLwgyjOXAu+wKhLEoaOLTjbijk6E2WONYpH9ZU2mNtR+lZ2B4uwr+usqGuVfFT9tMtGvGw==",
            "dev": true,
            "optional": true
        },
        "@esbuild/netbsd-x64": {
            "version": "0.20.2",
            "resolved": "https://registry.npmjs.org/@esbuild/netbsd-x64/-/netbsd-x64-0.20.2.tgz",
            "integrity": "sha512-K8/DhBxcVQkzYc43yJXDSyjlFeHQJBiowJ0uVL6Tor3jGQfSGHNNJcWxNbOI8v5k82prYqzPuwkzHt3J1T1iZQ==",
            "dev": true,
            "optional": true
        },
        "@esbuild/openbsd-x64": {
            "version": "0.20.2",
            "resolved": "https://registry.npmjs.org/@esbuild/openbsd-x64/-/openbsd-x64-0.20.2.tgz",
            "integrity": "sha512-eMpKlV0SThJmmJgiVyN9jTPJ2VBPquf6Kt/nAoo6DgHAoN57K15ZghiHaMvqjCye/uU4X5u3YSMgVBI1h3vKrQ==",
            "dev": true,
            "optional": true
        },
        "@esbuild/sunos-x64": {
            "version": "0.20.2",
            "resolved": "https://registry.npmjs.org/@esbuild/sunos-x64/-/sunos-x64-0.20.2.tgz",
            "integrity": "sha512-2UyFtRC6cXLyejf/YEld4Hajo7UHILetzE1vsRcGL3earZEW77JxrFjH4Ez2qaTiEfMgAXxfAZCm1fvM/G/o8w==",
            "dev": true,
            "optional": true
        },
        "@esbuild/win32-arm64": {
            "version": "0.20.2",
            "resolved": "https://registry.npmjs.org/@esbuild/win32-arm64/-/win32-arm64-0.20.2.tgz",
            "integrity": "sha512-GRibxoawM9ZCnDxnP3usoUDO9vUkpAxIIZ6GQI+IlVmr5kP3zUq+l17xELTHMWTWzjxa2guPNyrpq1GWmPvcGQ==",
            "dev": true,
            "optional": true
        },
        "@esbuild/win32-ia32": {
            "version": "0.20.2",
            "resolved": "https://registry.npmjs.org/@esbuild/win32-ia32/-/win32-ia32-0.20.2.tgz",
            "integrity": "sha512-HfLOfn9YWmkSKRQqovpnITazdtquEW8/SoHW7pWpuEeguaZI4QnCRW6b+oZTztdBnZOS2hqJ6im/D5cPzBTTlQ==",
            "dev": true,
            "optional": true
        },
        "@esbuild/win32-x64": {
            "version": "0.20.2",
            "resolved": "https://registry.npmjs.org/@esbuild/win32-x64/-/win32-x64-0.20.2.tgz",
            "integrity": "sha512-N49X4lJX27+l9jbLKSqZ6bKNjzQvHaT8IIFUy+YIqmXQdjYCToGWwOItDrfby14c78aDd5NHQl29xingXfCdLQ==",
            "dev": true,
            "optional": true
        },
        "@ragemp/types-client": {
            "version": "git+ssh://git@github.com/ragempcommunity/ragemp-types.git#4af4718cce667183a088f682ce2b2717009685c1",
            "dev": true,
            "from": "@ragemp/types-client@github:ragempcommunity/ragemp-types#types-client"
        },
        "@ragemp/types-server": {
            "version": "git+ssh://git@github.com/ragempcommunity/ragemp-types.git#ffeb9095b86ed527230aa929669acb62d77aa06b",
            "dev": true,
            "from": "@ragemp/types-server@github:ragempcommunity/ragemp-types#types-server"
        },
        "@types/chai": {
            "version": "4.3.14",
            "resolved": "https://registry.npmjs.org/@types/chai/-/chai-4.3.14.tgz",
            "integrity": "sha512-Wj71sXE4Q4AkGdG9Tvq1u/fquNz9EdG4LIJMwVVII7ashjD/8cf8fyIfJAjRr6YcsXnSE8cOGQPq1gqeR8z+3w==",
            "dev": true
        },
        "ansi-styles": {
            "version": "4.3.0",
            "resolved": "https://registry.npmjs.org/ansi-styles/-/ansi-styles-4.3.0.tgz",
            "integrity": "sha512-zbB9rCJAT1rbjiVDb2hqKFHNYLxgtk8NURxZ3IZwD3F6NtxbXZQCnnSi1Lkx+IDohdPlFp222wVALIheZJQSEg==",
            "requires": {
                "color-convert": "^2.0.1"
            }
        },
        "assertion-error": {
            "version": "2.0.1",
            "resolved": "https://registry.npmjs.org/assertion-error/-/assertion-error-2.0.1.tgz",
            "integrity": "sha512-Izi8RQcffqCeNVgFigKli1ssklIbpHnCYc6AknXGYoB6grJqyeby7jv12JUQgmTAnIDnbck1uxksT4dzN3PWBA=="
        },
        "chai": {
            "version": "5.1.0",
            "resolved": "https://registry.npmjs.org/chai/-/chai-5.1.0.tgz",
            "integrity": "sha512-kDZ7MZyM6Q1DhR9jy7dalKohXQ2yrlXkk59CR52aRKxJrobmlBNqnFQxX9xOX8w+4mz8SYlKJa/7D7ddltFXCw==",
            "requires": {
                "assertion-error": "^2.0.1",
                "check-error": "^2.0.0",
                "deep-eql": "^5.0.1",
                "loupe": "^3.1.0",
                "pathval": "^2.0.0"
            }
        },
        "chalk": {
            "version": "5.3.0",
            "resolved": "https://registry.npmjs.org/chalk/-/chalk-5.3.0.tgz",
            "integrity": "sha512-dLitG79d+GV1Nb/VYcCDFivJeK1hiukt9QjRNVOsUtTy1rR1YJsmpGGTZ3qJos+uw7WmWF4wUwBd9jxjocFC2w=="
        },
        "chalk-template": {
            "version": "1.1.0",
            "resolved": "https://registry.npmjs.org/chalk-template/-/chalk-template-1.1.0.tgz",
            "integrity": "sha512-T2VJbcDuZQ0Tb2EWwSotMPJjgpy1/tGee1BTpUNsGZ/qgNjV2t7Mvu+d4600U564nbLesN1x2dPL+xii174Ekg==",
            "dev": true,
            "requires": {
                "chalk": "^5.2.0"
            }
        },
        "check-error": {
            "version": "2.0.0",
            "resolved": "https://registry.npmjs.org/check-error/-/check-error-2.0.0.tgz",
            "integrity": "sha512-tjLAOBHKVxtPoHe/SA7kNOMvhCRdCJ3vETdeY0RuAc9popf+hyaSV6ZEg9hr4cpWF7jmo/JSWEnLDrnijS9Tog=="
        },
        "color-convert": {
            "version": "2.0.1",
            "resolved": "https://registry.npmjs.org/color-convert/-/color-convert-2.0.1.tgz",
            "integrity": "sha512-RRECPsj7iu/xb5oKYcsFHSppFNnsj/52OVTRKb4zP5onXwVF3zVmmToNcOfGC+CRDpfK/U584fMg38ZHCaElKQ==",
            "requires": {
                "color-name": "~1.1.4"
            }
        },
        "color-name": {
            "version": "1.1.4",
            "resolved": "https://registry.npmjs.org/color-name/-/color-name-1.1.4.tgz",
            "integrity": "sha512-dOy+3AuW3a2wNbZHIuMZpTcgjGuLU/uBL/ubcZF9OXbDo8ff4O8yVp5Bf0efS8uEoYo5q4Fx7dY9OgQGXgAsQA=="
        },
        "crc-32": {
            "version": "1.2.2",
            "resolved": "https://registry.npmjs.org/crc-32/-/crc-32-1.2.2.tgz",
            "integrity": "sha512-ROmzCKrTnOwybPcJApAA6WBWij23HVfGVNKqqrZpuyZOHqK2CwHSvpGuyt/UNNvaIjEd8X5IFGp4Mh+Ie1IHJQ=="
        },
        "deep-eql": {
            "version": "5.0.1",
            "resolved": "https://registry.npmjs.org/deep-eql/-/deep-eql-5.0.1.tgz",
            "integrity": "sha512-nwQCf6ne2gez3o1MxWifqkciwt0zhl0LO1/UwVu4uMBuPmflWM4oQ70XMqHqnBJA+nhzncaqL9HVL6KkHJ28lw=="
        },
        "esbuild": {
            "version": "0.20.2",
            "resolved": "https://registry.npmjs.org/esbuild/-/esbuild-0.20.2.tgz",
            "integrity": "sha512-WdOOppmUNU+IbZ0PaDiTst80zjnrOkyJNHoKupIcVyU8Lvla3Ugx94VzkQ32Ijqd7UhHJy75gNWDMUekcrSJ6g==",
            "dev": true,
            "requires": {
                "@esbuild/aix-ppc64": "0.20.2",
                "@esbuild/android-arm": "0.20.2",
                "@esbuild/android-arm64": "0.20.2",
                "@esbuild/android-x64": "0.20.2",
                "@esbuild/darwin-arm64": "0.20.2",
                "@esbuild/darwin-x64": "0.20.2",
                "@esbuild/freebsd-arm64": "0.20.2",
                "@esbuild/freebsd-x64": "0.20.2",
                "@esbuild/linux-arm": "0.20.2",
                "@esbuild/linux-arm64": "0.20.2",
                "@esbuild/linux-ia32": "0.20.2",
                "@esbuild/linux-loong64": "0.20.2",
                "@esbuild/linux-mips64el": "0.20.2",
                "@esbuild/linux-ppc64": "0.20.2",
                "@esbuild/linux-riscv64": "0.20.2",
                "@esbuild/linux-s390x": "0.20.2",
                "@esbuild/linux-x64": "0.20.2",
                "@esbuild/netbsd-x64": "0.20.2",
                "@esbuild/openbsd-x64": "0.20.2",
                "@esbuild/sunos-x64": "0.20.2",
                "@esbuild/win32-arm64": "0.20.2",
                "@esbuild/win32-ia32": "0.20.2",
                "@esbuild/win32-x64": "0.20.2"
            }
        },
        "esbuild-plugin-d.ts": {
            "version": "1.2.3",
            "resolved": "https://registry.npmjs.org/esbuild-plugin-d.ts/-/esbuild-plugin-d.ts-1.2.3.tgz",
            "integrity": "sha512-JkNqcCTkv0N39izAOLaiAQcFA6DfbhDkef1ZO6NvnHtTT+7i+4VHjCcAM2yFslRTBTK1TuF41FLSwWvGm88N7w==",
            "requires": {
                "chalk": "4.1.2",
                "lodash.merge": "^4.6.2"
            },
            "dependencies": {
                "chalk": {
                    "version": "4.1.2",
                    "resolved": "https://registry.npmjs.org/chalk/-/chalk-4.1.2.tgz",
                    "integrity": "sha512-oKnbhFyRIXpUuez8iBMmyEa4nbj4IOQyuhc/wy9kY7/WVPcwIO9VA668Pu8RkO7+0G76SLROeyw9CpQ061i4mA==",
                    "requires": {
                        "ansi-styles": "^4.1.0",
                        "supports-color": "^7.1.0"
                    }
                }
            }
        },
        "get-func-name": {
            "version": "2.0.2",
            "resolved": "https://registry.npmjs.org/get-func-name/-/get-func-name-2.0.2.tgz",
            "integrity": "sha512-8vXOvuE167CtIc3OyItco7N/dpRtBbYOsPsXCz7X/PMnlGjYjSGuZJgM1Y7mmew7BKf9BqvLX2tnOVy1BBUsxQ=="
        },
        "has-flag": {
            "version": "4.0.0",
            "resolved": "https://registry.npmjs.org/has-flag/-/has-flag-4.0.0.tgz",
            "integrity": "sha512-EykJT/Q1KjTWctppgIAgfSO0tKVuZUjhgMr17kqTumMl6Afv3EISleU7qZUzoXDFTAHTDC4NOoG/ZxU3EvlMPQ=="
        },
        "lodash.merge": {
            "version": "4.6.2",
            "resolved": "https://registry.npmjs.org/lodash.merge/-/lodash.merge-4.6.2.tgz",
            "integrity": "sha512-0KpjqXRVvrYyCsX1swR/XTK0va6VQkQM6MNo7PqW77ByjAhoARA8EfrP1N4+KlKj8YS0ZUCtRT/YUuhyYDujIQ=="
        },
        "loupe": {
            "version": "3.1.0",
            "resolved": "https://registry.npmjs.org/loupe/-/loupe-3.1.0.tgz",
            "integrity": "sha512-qKl+FrLXUhFuHUoDJG7f8P8gEMHq9NFS0c6ghXG1J0rldmZFQZoNVv/vyirE9qwCIhWZDsvEFd1sbFu3GvRQFg==",
            "requires": {
                "get-func-name": "^2.0.1"
            }
        },
        "pathval": {
            "version": "2.0.0",
            "resolved": "https://registry.npmjs.org/pathval/-/pathval-2.0.0.tgz",
            "integrity": "sha512-vE7JKRyES09KiunauX7nd2Q9/L7lhok4smP9RZTDeD4MVs72Dp2qNFVz39Nz5a0FVEW0BJR6C0DYrq6unoziZA=="
        },
        "supports-color": {
            "version": "7.2.0",
            "resolved": "https://registry.npmjs.org/supports-color/-/supports-color-7.2.0.tgz",
            "integrity": "sha512-qpCAvRl9stuOHveKsn7HncJRvv501qIacKzQlO/+Lwxc9+0q2wLyv4Dfvt80/DPn2pqOBsJdDiogXGR9+OvwRw==",
            "requires": {
                "has-flag": "^4.0.0"
            }
        },
        "typescript": {
            "version": "5.4.5",
            "resolved": "https://registry.npmjs.org/typescript/-/typescript-5.4.5.tgz",
            "integrity": "sha512-vcI4UpRgg81oIRUFwR0WSIHKt11nJ7SAVlYNIu+QpqeyXP+gpQJy/Z4+F0aGxSE4MqwjyXvW/TzgkLAx2AGHwQ=="
        }
    }
}
